
Microsoft Visual Studio Solution File, Format Version 12.00
# Visual Studio Version 17
VisualStudioVersion = 17.6.33815.320
MinimumVisualStudioVersion = 10.0.40219.1
Project("{8BC9CEB8-8B4A-11D0-8D11-00A0C91BC942}") = "CB01", "CB01\CB01.vcxproj", "{C9FC26AC-0D80-4B15-85B9-869D3751E8AF}"
EndProject
Project("{8BC9CEB8-8B4A-11D0-8D11-00A0C91BC942}") = "CB02", "CB02\CB02.vcxproj", "{EFF4141E-2594-4474-B942-561C094879DA}"
EndProject
Project("{8BC9CEB8-8B4A-11D0-8D11-00A0C91BC942}") = "CB08", "CB08\CB08.vcxproj", "{3DABC1FC-6B75-4F42-8677-41ADA24B1B89}"
EndProject
Project("{8BC9CEB8-8B4A-11D0-8D11-00A0C91BC942}") = "DK06", "DK06\DK06.vcxproj", "{126EC64F-CBC2-41FC-AEFC-5DF0F0715E89}"
EndProject
Project("{8BC9CEB8-8B4A-11D0-8D11-00A0C91BC942}") = "SUM1", "SUM1\SUM1.vcxproj", "{2B5AFF4C-55C3-49ED-8A0B-9376FCA745E7}"
EndProject
Project("{8BC9CEB8-8B4A-11D0-8D11-00A0C91BC942}") = "VL08", "VL08\VL08.vcxproj", "{30D44E40-49DA-4C5E-AEE8-5FB5016CF9B9}"
EndProject
Project("{8BC9CEB8-8B4A-11D0-8D11-00A0C91BC942}") = "VL14", "VL14\VL14.vcxproj", "{44E9CC0B-5E32-4002-8643-2C1AFA2C82C1}"
EndProject
Project("{8BC9CEB8-8B4A-11D0-8D11-00A0C91BC942}") = "VL20", "VL20\VL20.vcxproj", "{D841BA5B-0D99-4FA7-B1EC-51E84AFF4484}"
EndProject
Project("{8BC9CEB8-8B4A-11D0-8D11-00A0C91BC942}") = "VT04", "VT04\VT04.vcxproj", "{952EBFE8-E410-46CD-B5F2-2E937B93F2F5}"
EndProject
Project("{8BC9CEB8-8B4A-11D0-8D11-00A0C91BC942}") = "VT10", "VT10\VT10.vcxproj", "{71A10D36-6AD2-4DD5-8849-A0A189995B72}"
EndProject
Global
	GlobalSection(SolutionConfigurationPlatforms) = preSolution
		Debug|x64 = Debug|x64
		Debug|x86 = Debug|x86
		Release|x64 = Release|x64
		Release|x86 = Release|x86
	EndGlobalSection
	GlobalSection(ProjectConfigurationPlatforms) = postSolution
		{C9FC26AC-0D80-4B15-85B9-869D3751E8AF}.Debug|x64.ActiveCfg = Debug|x64
		{C9FC26AC-0D80-4B15-85B9-869D3751E8AF}.Debug|x64.Build.0 = Debug|x64
		{C9FC26AC-0D80-4B15-85B9-869D3751E8AF}.Debug|x86.ActiveCfg = Debug|Win32
		{C9FC26AC-0D80-4B15-85B9-869D3751E8AF}.Debug|x86.Build.0 = Debug|Win32
		{C9FC26AC-0D80-4B15-85B9-869D3751E8AF}.Release|x64.ActiveCfg = Release|x64
		{C9FC26AC-0D80-4B15-85B9-869D3751E8AF}.Release|x64.Build.0 = Release|x64
		{C9FC26AC-0D80-4B15-85B9-869D3751E8AF}.Release|x86.ActiveCfg = Release|Win32
		{C9FC26AC-0D80-4B15-85B9-869D3751E8AF}.Release|x86.Build.0 = Release|Win32
		{EFF4141E-2594-4474-B942-561C094879DA}.Debug|x64.ActiveCfg = Debug|x64
		{EFF4141E-2594-4474-B942-561C094879DA}.Debug|x64.Build.0 = Debug|x64
		{EFF4141E-2594-4474-B942-561C094879DA}.Debug|x86.ActiveCfg = Debug|Win32
		{EFF4141E-2594-4474-B942-561C094879DA}.Debug|x86.Build.0 = Debug|Win32
		{EFF4141E-2594-4474-B942-561C094879DA}.Release|x64.ActiveCfg = Release|x64
		{EFF4141E-2594-4474-B942-561C094879DA}.Release|x64.Build.0 = Release|x64
		{EFF4141E-2594-4474-B942-561C094879DA}.Release|x86.ActiveCfg = Release|Win32
		{EFF4141E-2594-4474-B942-561C094879DA}.Release|x86.Build.0 = Release|Win32
		{3DABC1FC-6B75-4F42-8677-41ADA24B1B89}.Debug|x64.ActiveCfg = Debug|x64
		{3DABC1FC-6B75-4F42-8677-41ADA24B1B89}.Debug|x64.Build.0 = Debug|x64
		{3DABC1FC-6B75-4F42-8677-41ADA24B1B89}.Debug|x86.ActiveCfg = Debug|Win32
		{3DABC1FC-6B75-4F42-8677-41ADA24B1B89}.Debug|x86.Build.0 = Debug|Win32
		{3DABC1FC-6B75-4F42-8677-41ADA24B1B89}.Release|x64.ActiveCfg = Release|x64
		{3DABC1FC-6B75-4F42-8677-41ADA24B1B89}.Release|x64.Build.0 = Release|x64
		{3DABC1FC-6B75-4F42-8677-41ADA24B1B89}.Release|x86.ActiveCfg = Release|Win32
		{3DABC1FC-6B75-4F42-8677-41ADA24B1B89}.Release|x86.Build.0 = Release|Win32
		{126EC64F-CBC2-41FC-AEFC-5DF0F0715E89}.Debug|x64.ActiveCfg = Debug|x64
		{126EC64F-CBC2-41FC-AEFC-5DF0F0715E89}.Debug|x64.Build.0 = Debug|x64
		{126EC64F-CBC2-41FC-AEFC-5DF0F0715E89}.Debug|x86.ActiveCfg = Debug|Win32
		{126EC64F-CBC2-41FC-AEFC-5DF0F0715E89}.Debug|x86.Build.0 = Debug|Win32
		{126EC64F-CBC2-41FC-AEFC-5DF0F0715E89}.Release|x64.ActiveCfg = Release|x64
		{126EC64F-CBC2-41FC-AEFC-5DF0F0715E89}.Release|x64.Build.0 = Release|x64
		{126EC64F-CBC2-41FC-AEFC-5DF0F0715E89}.Release|x86.ActiveCfg = Release|Win32
		{126EC64F-CBC2-41FC-AEFC-5DF0F0715E89}.Release|x86.Build.0 = Release|Win32
		{2B5AFF4C-55C3-49ED-8A0B-9376FCA745E7}.Debug|x64.ActiveCfg = Debug|x64
		{2B5AFF4C-55C3-49ED-8A0B-9376FCA745E7}.Debug|x64.Build.0 = Debug|x64
		{2B5AFF4C-55C3-49ED-8A0B-9376FCA745E7}.Debug|x86.ActiveCfg = Debug|Win32
		{2B5AFF4C-55C3-49ED-8A0B-9376FCA745E7}.Debug|x86.Build.0 = Debug|Win32
		{2B5AFF4C-55C3-49ED-8A0B-9376FCA745E7}.Release|x64.ActiveCfg = Release|x64
		{2B5AFF4C-55C3-49ED-8A0B-9376FCA745E7}.Release|x64.Build.0 = Release|x64
		{2B5AFF4C-55C3-49ED-8A0B-9376FCA745E7}.Release|x86.ActiveCfg = Release|Win32
		{2B5AFF4C-55C3-49ED-8A0B-9376FCA745E7}.Release|x86.Build.0 = Release|Win32
		{30D44E40-49DA-4C5E-AEE8-5FB5016CF9B9}.Debug|x64.ActiveCfg = Debug|x64
		{30D44E40-49DA-4C5E-AEE8-5FB5016CF9B9}.Debug|x64.Build.0 = Debug|x64
		{30D44E40-49DA-4C5E-AEE8-5FB5016CF9B9}.Debug|x86.ActiveCfg = Debug|Win32
		{30D44E40-49DA-4C5E-AEE8-5FB5016CF9B9}.Debug|x86.Build.0 = Debug|Win32
		{30D44E40-49DA-4C5E-AEE8-5FB5016CF9B9}.Release|x64.ActiveCfg = Release|x64
		{30D44E40-49DA-4C5E-AEE8-5FB5016CF9B9}.Release|x64.Build.0 = Release|x64
		{30D44E40-49DA-4C5E-AEE8-5FB5016CF9B9}.Release|x86.ActiveCfg = Release|Win32
		{30D44E40-49DA-4C5E-AEE8-5FB5016CF9B9}.Release|x86.Build.0 = Release|Win32
		{44E9CC0B-5E32-4002-8643-2C1AFA2C82C1}.Debug|x64.ActiveCfg = Debug|x64
		{44E9CC0B-5E32-4002-8643-2C1AFA2C82C1}.Debug|x64.Build.0 = Debug|x64
		{44E9CC0B-5E32-4002-8643-2C1AFA2C82C1}.Debug|x86.ActiveCfg = Debug|Win32
		{44E9CC0B-5E32-4002-8643-2C1AFA2C82C1}.Debug|x86.Build.0 = Debug|Win32
		{44E9CC0B-5E32-4002-8643-2C1AFA2C82C1}.Release|x64.ActiveCfg = Release|x64
		{44E9CC0B-5E32-4002-8643-2C1AFA2C82C1}.Release|x64.Build.0 = Release|x64
		{44E9CC0B-5E32-4002-8643-2C1AFA2C82C1}.Release|x86.ActiveCfg = Release|Win32
		{44E9CC0B-5E32-4002-8643-2C1AFA2C82C1}.Release|x86.Build.0 = Release|Win32
		{D841BA5B-0D99-4FA7-B1EC-51E84AFF4484}.Debug|x64.ActiveCfg = Debug|x64
		{D841BA5B-0D99-4FA7-B1EC-51E84AFF4484}.Debug|x64.Build.0 = Debug|x64
		{D841BA5B-0D99-4FA7-B1EC-51E84AFF4484}.Debug|x86.ActiveCfg = Debug|Win32
		{D841BA5B-0D99-4FA7-B1EC-51E84AFF4484}.Debug|x86.Build.0 = Debug|Win32
		{D841BA5B-0D99-4FA7-B1EC-51E84AFF4484}.Release|x64.ActiveCfg = Release|x64
		{D841BA5B-0D99-4FA7-B1EC-51E84AFF4484}.Release|x64.Build.0 = Release|x64
		{D841BA5B-0D99-4FA7-B1EC-51E84AFF4484}.Release|x86.ActiveCfg = Release|Win32
		{D841BA5B-0D99-4FA7-B1EC-51E84AFF4484}.Release|x86.Build.0 = Release|Win32
		{952EBFE8-E410-46CD-B5F2-2E937B93F2F5}.Debug|x64.ActiveCfg = Debug|x64
		{952EBFE8-E410-46CD-B5F2-2E937B93F2F5}.Debug|x64.Build.0 = Debug|x64
		{952EBFE8-E410-46CD-B5F2-2E937B93F2F5}.Debug|x86.ActiveCfg = Debug|Win32
		{952EBFE8-E410-46CD-B5F2-2E937B93F2F5}.Debug|x86.Build.0 = Debug|Win32
		{952EBFE8-E410-46CD-B5F2-2E937B93F2F5}.Release|x64.ActiveCfg = Release|x64
		{952EBFE8-E410-46CD-B5F2-2E937B93F2F5}.Release|x64.Build.0 = Release|x64
		{952EBFE8-E410-46CD-B5F2-2E937B93F2F5}.Release|x86.ActiveCfg = Release|Win32
		{952EBFE8-E410-46CD-B5F2-2E937B93F2F5}.Release|x86.Build.0 = Release|Win32
		{71A10D36-6AD2-4DD5-8849-A0A189995B72}.Debug|x64.ActiveCfg = Debug|x64
		{71A10D36-6AD2-4DD5-8849-A0A189995B72}.Debug|x64.Build.0 = Debug|x64
		{71A10D36-6AD2-4DD5-8849-A0A189995B72}.Debug|x86.ActiveCfg = Debug|Win32
		{71A10D36-6AD2-4DD5-8849-A0A189995B72}.Debug|x86.Build.0 = Debug|Win32
		{71A10D36-6AD2-4DD5-8849-A0A189995B72}.Release|x64.ActiveCfg = Release|x64
		{71A10D36-6AD2-4DD5-8849-A0A189995B72}.Release|x64.Build.0 = Release|x64
		{71A10D36-6AD2-4DD5-8849-A0A189995B72}.Release|x86.ActiveCfg = Release|Win32
		{71A10D36-6AD2-4DD5-8849-A0A189995B72}.Release|x86.Build.0 = Release|Win32
	EndGlobalSection
	GlobalSection(SolutionProperties) = preSolution
		HideSolutionNode = FALSE
	EndGlobalSection
	GlobalSection(ExtensibilityGlobals) = postSolution
		SolutionGuid = {ECAB237C-A4F8-49CC-AF9C-1FA8607B7418}
	EndGlobalSection
EndGlobal
