
Microsoft Visual Studio Solution File, Format Version 12.00
# Visual Studio Version 17
VisualStudioVersion = 17.6.33815.320
MinimumVisualStudioVersion = 10.0.40219.1
Project("{8BC9CEB8-8B4A-11D0-8D11-00A0C91BC942}") = "CB01", "CB01\CB01.vcxproj", "{C9FC26AC-0D80-4B15-85B9-869D3751E8AF}"
EndProject
Project("{8BC9CEB8-8B4A-11D0-8D11-00A0C91BC942}") = "CB02", "CB02\CB02.vcxproj", "{EFF4141E-2594-4474-B942-561C094879DA}"
EndProject
Project("{8BC9CEB8-8B4A-11D0-8D11-00A0C91BC942}") = "CB08", "CB08\CB08.vcxproj", "{3DABC1FC-6B75-4F42-8677-41ADA24B1B89}"
EndProject
Project("{8BC9CEB8-8B4A-11D0-8D11-00A0C91BC942}") = "DK06", "DK06\DK06.vcxproj", "{126EC64F-CBC2-41FC-AEFC-5DF0F0715E89}"
EndProject
Project("{8BC9CEB8-8B4A-11D0-8D11-00A0C91BC942}") = "SUM1", "SUM1\SUM1.vcxproj", "{2B5AFF4C-55C3-49ED-8A0B-9376FCA745E7}"
EndProject
Project("{8BC9CEB8-8B4A-11D0-8D11-00A0C91BC942}") = "VL08", "VL08\VL08.vcxproj", "{30D44E40-49DA-4C5E-AEE8-5FB5016CF9B9}"
EndProject
Project("{8BC9CEB8-8B4A-11D0-8D11-00A0C91BC942}") = "VL14", "VL14\VL14.vcxproj", "{44E9CC0B-5E32-4002-8643-2C1AFA2C82C1}"
EndProject
Project("{8BC9CEB8-8B4A-11D0-8D11-00A0C91BC942}") = "VL20", "VL20\VL20.vcxproj", "{D841BA5B-0D99-4FA7-B1EC-51E84AFF4484}"
EndProject
Project("{8BC9CEB8-8B4A-11D0-8D11-00A0C91BC942}") = "VT04", "VT04\VT04.vcxproj", "{952EBFE8-E410-46CD-B5F2-2E937B93F2F5}"
EndProject
Project("{8BC9CEB8-8B4A-11D0-8D11-00A0C91BC942}") = "VT10", "VT10\VT10.vcxproj", "{71A10D36-6AD2-4DD5-8849-A0A189995B72}"
EndProject
Project("{8BC9CEB8-8B4A-11D0-8D11-00A0C91BC942}") = "CB07", "CB07\CB07.vcxproj", "{306A967F-86E4-45C5-99AD-5642142AEABF}"
EndProject
Project("{8BC9CEB8-8B4A-11D0-8D11-00A0C91BC942}") = "DK05", "DK05\DK05.vcxproj", "{BE9AD44B-419D-4C57-8527-5E3DACD979A6}"
EndProject
Project("{8BC9CEB8-8B4A-11D0-8D11-00A0C91BC942}") = "VL01", "VL01\VL01.vcxproj", "{DDEC02D6-DD8B-4083-B864-9488BB49519C}"
EndProject
Project("{8BC9CEB8-8B4A-11D0-8D11-00A0C91BC942}") = "VL07", "VL07\VL07.vcxproj", "{59674BF9-86CB-4F02-A3E7-9AA911E21E72}"
EndProject
Project("{8BC9CEB8-8B4A-11D0-8D11-00A0C91BC942}") = "VL13", "VL13\VL13.vcxproj", "{D51A703E-F79F-490B-A8C9-AB56FD00BB3E}"
EndProject
Project("{8BC9CEB8-8B4A-11D0-8D11-00A0C91BC942}") = "VL19", "VL19\VL19.vcxproj", "{25B84959-C176-415E-891D-15076D6E15E5}"
EndProject
Project("{8BC9CEB8-8B4A-11D0-8D11-00A0C91BC942}") = "VT03", "VT03\VT03.vcxproj", "{24321A5B-048E-463A-815C-7F55EF0EA138}"
EndProject
Project("{8BC9CEB8-8B4A-11D0-8D11-00A0C91BC942}") = "VT09", "VT09\VT09.vcxproj", "{312604D9-95CC-4415-9861-0784FF719AC3}"
EndProject
Project("{8BC9CEB8-8B4A-11D0-8D11-00A0C91BC942}") = "CB03", "CB03\CB03.vcxproj", "{1DAC232B-D0F4-4540-946B-0C8FBB94C7E9}"
EndProject
Project("{8BC9CEB8-8B4A-11D0-8D11-00A0C91BC942}") = "DK01", "DK01\DK01.vcxproj", "{670814A3-1615-4DBC-A62F-3F32C50FC35F}"
EndProject
Project("{8BC9CEB8-8B4A-11D0-8D11-00A0C91BC942}") = "DK07", "DK07\DK07.vcxproj", "{BD0EBDD4-2C71-426A-816B-FE2DA654C1B0}"
EndProject
Project("{8BC9CEB8-8B4A-11D0-8D11-00A0C91BC942}") = "VL03", "VL03\VL03.vcxproj", "{5F3634C7-7363-45D9-A7F8-C73021F977D9}"
EndProject
Project("{8BC9CEB8-8B4A-11D0-8D11-00A0C91BC942}") = "VL09", "VL09\VL09.vcxproj", "{7BD62BEB-CB27-41DE-9E04-84FEAC986A69}"
EndProject
Project("{8BC9CEB8-8B4A-11D0-8D11-00A0C91BC942}") = "VL15", "VL15\VL15.vcxproj", "{1BB23F8B-1071-4F95-B57D-8840CD6A4000}"
EndProject
Project("{8BC9CEB8-8B4A-11D0-8D11-00A0C91BC942}") = "VL21", "VL21\VL21.vcxproj", "{FE4EB50F-CFDA-49C0-93A8-496807CAFAE6}"
EndProject
Project("{8BC9CEB8-8B4A-11D0-8D11-00A0C91BC942}") = "VT05", "VT05\VT05.vcxproj", "{9745EA5B-B3F2-45FD-BA01-5653F32DF54C}"
EndProject
Project("{8BC9CEB8-8B4A-11D0-8D11-00A0C91BC942}") = "CB04", "CB04\CB04.vcxproj", "{4226307D-A779-45D5-869D-DC6C1FB342CC}"
EndProject
Project("{8BC9CEB8-8B4A-11D0-8D11-00A0C91BC942}") = "DK02", "DK02\DK02.vcxproj", "{FC8FFC52-CA08-43E9-9152-A71AFD23CA4E}"
EndProject
Project("{8BC9CEB8-8B4A-11D0-8D11-00A0C91BC942}") = "DK08", "DK08\DK08.vcxproj", "{9809B9BA-8840-4DE4-AC59-F3EEAD214EAA}"
EndProject
Project("{8BC9CEB8-8B4A-11D0-8D11-00A0C91BC942}") = "VL04", "VL04\VL04.vcxproj", "{45DB3E5F-E373-4E88-B1CF-8D9CCE755750}"
EndProject
Project("{8BC9CEB8-8B4A-11D0-8D11-00A0C91BC942}") = "VL10", "VL10\VL10.vcxproj", "{F0CDA8CE-1D44-488F-A290-54D4D758F886}"
EndProject
Project("{8BC9CEB8-8B4A-11D0-8D11-00A0C91BC942}") = "VL16", "VL16\VL16.vcxproj", "{5C7F940A-9571-4C70-9E5B-59E6E6D3B2D3}"
EndProject
Project("{8BC9CEB8-8B4A-11D0-8D11-00A0C91BC942}") = "DEC2BIN", "DEC2BIN\DEC2BIN.vcxproj", "{1EA69E7B-1E73-4C8E-AE35-5F0D52967E70}"
EndProject
Project("{8BC9CEB8-8B4A-11D0-8D11-00A0C91BC942}") = "VT06", "VT06\VT06.vcxproj", "{E8EDC50D-2398-416D-BEA0-4149ED316B32}"
EndProject
Global
	GlobalSection(SolutionConfigurationPlatforms) = preSolution
		Debug|x64 = Debug|x64
		Debug|x86 = Debug|x86
		Release|x64 = Release|x64
		Release|x86 = Release|x86
	EndGlobalSection
	GlobalSection(ProjectConfigurationPlatforms) = postSolution
		{C9FC26AC-0D80-4B15-85B9-869D3751E8AF}.Debug|x64.ActiveCfg = Debug|x64
		{C9FC26AC-0D80-4B15-85B9-869D3751E8AF}.Debug|x64.Build.0 = Debug|x64
		{C9FC26AC-0D80-4B15-85B9-869D3751E8AF}.Debug|x86.ActiveCfg = Debug|Win32
		{C9FC26AC-0D80-4B15-85B9-869D3751E8AF}.Debug|x86.Build.0 = Debug|Win32
		{C9FC26AC-0D80-4B15-85B9-869D3751E8AF}.Release|x64.ActiveCfg = Release|x64
		{C9FC26AC-0D80-4B15-85B9-869D3751E8AF}.Release|x64.Build.0 = Release|x64
		{C9FC26AC-0D80-4B15-85B9-869D3751E8AF}.Release|x86.ActiveCfg = Release|Win32
		{C9FC26AC-0D80-4B15-85B9-869D3751E8AF}.Release|x86.Build.0 = Release|Win32
		{EFF4141E-2594-4474-B942-561C094879DA}.Debug|x64.ActiveCfg = Debug|x64
		{EFF4141E-2594-4474-B942-561C094879DA}.Debug|x64.Build.0 = Debug|x64
		{EFF4141E-2594-4474-B942-561C094879DA}.Debug|x86.ActiveCfg = Debug|Win32
		{EFF4141E-2594-4474-B942-561C094879DA}.Debug|x86.Build.0 = Debug|Win32
		{EFF4141E-2594-4474-B942-561C094879DA}.Release|x64.ActiveCfg = Release|x64
		{EFF4141E-2594-4474-B942-561C094879DA}.Release|x64.Build.0 = Release|x64
		{EFF4141E-2594-4474-B942-561C094879DA}.Release|x86.ActiveCfg = Release|Win32
		{EFF4141E-2594-4474-B942-561C094879DA}.Release|x86.Build.0 = Release|Win32
		{3DABC1FC-6B75-4F42-8677-41ADA24B1B89}.Debug|x64.ActiveCfg = Debug|x64
		{3DABC1FC-6B75-4F42-8677-41ADA24B1B89}.Debug|x64.Build.0 = Debug|x64
		{3DABC1FC-6B75-4F42-8677-41ADA24B1B89}.Debug|x86.ActiveCfg = Debug|Win32
		{3DABC1FC-6B75-4F42-8677-41ADA24B1B89}.Debug|x86.Build.0 = Debug|Win32
		{3DABC1FC-6B75-4F42-8677-41ADA24B1B89}.Release|x64.ActiveCfg = Release|x64
		{3DABC1FC-6B75-4F42-8677-41ADA24B1B89}.Release|x64.Build.0 = Release|x64
		{3DABC1FC-6B75-4F42-8677-41ADA24B1B89}.Release|x86.ActiveCfg = Release|Win32
		{3DABC1FC-6B75-4F42-8677-41ADA24B1B89}.Release|x86.Build.0 = Release|Win32
		{126EC64F-CBC2-41FC-AEFC-5DF0F0715E89}.Debug|x64.ActiveCfg = Debug|x64
		{126EC64F-CBC2-41FC-AEFC-5DF0F0715E89}.Debug|x64.Build.0 = Debug|x64
		{126EC64F-CBC2-41FC-AEFC-5DF0F0715E89}.Debug|x86.ActiveCfg = Debug|Win32
		{126EC64F-CBC2-41FC-AEFC-5DF0F0715E89}.Debug|x86.Build.0 = Debug|Win32
		{126EC64F-CBC2-41FC-AEFC-5DF0F0715E89}.Release|x64.ActiveCfg = Release|x64
		{126EC64F-CBC2-41FC-AEFC-5DF0F0715E89}.Release|x64.Build.0 = Release|x64
		{126EC64F-CBC2-41FC-AEFC-5DF0F0715E89}.Release|x86.ActiveCfg = Release|Win32
		{126EC64F-CBC2-41FC-AEFC-5DF0F0715E89}.Release|x86.Build.0 = Release|Win32
		{2B5AFF4C-55C3-49ED-8A0B-9376FCA745E7}.Debug|x64.ActiveCfg = Debug|x64
		{2B5AFF4C-55C3-49ED-8A0B-9376FCA745E7}.Debug|x64.Build.0 = Debug|x64
		{2B5AFF4C-55C3-49ED-8A0B-9376FCA745E7}.Debug|x86.ActiveCfg = Debug|Win32
		{2B5AFF4C-55C3-49ED-8A0B-9376FCA745E7}.Debug|x86.Build.0 = Debug|Win32
		{2B5AFF4C-55C3-49ED-8A0B-9376FCA745E7}.Release|x64.ActiveCfg = Release|x64
		{2B5AFF4C-55C3-49ED-8A0B-9376FCA745E7}.Release|x64.Build.0 = Release|x64
		{2B5AFF4C-55C3-49ED-8A0B-9376FCA745E7}.Release|x86.ActiveCfg = Release|Win32
		{2B5AFF4C-55C3-49ED-8A0B-9376FCA745E7}.Release|x86.Build.0 = Release|Win32
		{30D44E40-49DA-4C5E-AEE8-5FB5016CF9B9}.Debug|x64.ActiveCfg = Debug|x64
		{30D44E40-49DA-4C5E-AEE8-5FB5016CF9B9}.Debug|x64.Build.0 = Debug|x64
		{30D44E40-49DA-4C5E-AEE8-5FB5016CF9B9}.Debug|x86.ActiveCfg = Debug|Win32
		{30D44E40-49DA-4C5E-AEE8-5FB5016CF9B9}.Debug|x86.Build.0 = Debug|Win32
		{30D44E40-49DA-4C5E-AEE8-5FB5016CF9B9}.Release|x64.ActiveCfg = Release|x64
		{30D44E40-49DA-4C5E-AEE8-5FB5016CF9B9}.Release|x64.Build.0 = Release|x64
		{30D44E40-49DA-4C5E-AEE8-5FB5016CF9B9}.Release|x86.ActiveCfg = Release|Win32
		{30D44E40-49DA-4C5E-AEE8-5FB5016CF9B9}.Release|x86.Build.0 = Release|Win32
		{44E9CC0B-5E32-4002-8643-2C1AFA2C82C1}.Debug|x64.ActiveCfg = Debug|x64
		{44E9CC0B-5E32-4002-8643-2C1AFA2C82C1}.Debug|x64.Build.0 = Debug|x64
		{44E9CC0B-5E32-4002-8643-2C1AFA2C82C1}.Debug|x86.ActiveCfg = Debug|Win32
		{44E9CC0B-5E32-4002-8643-2C1AFA2C82C1}.Debug|x86.Build.0 = Debug|Win32
		{44E9CC0B-5E32-4002-8643-2C1AFA2C82C1}.Release|x64.ActiveCfg = Release|x64
		{44E9CC0B-5E32-4002-8643-2C1AFA2C82C1}.Release|x64.Build.0 = Release|x64
		{44E9CC0B-5E32-4002-8643-2C1AFA2C82C1}.Release|x86.ActiveCfg = Release|Win32
		{44E9CC0B-5E32-4002-8643-2C1AFA2C82C1}.Release|x86.Build.0 = Release|Win32
		{D841BA5B-0D99-4FA7-B1EC-51E84AFF4484}.Debug|x64.ActiveCfg = Debug|x64
		{D841BA5B-0D99-4FA7-B1EC-51E84AFF4484}.Debug|x64.Build.0 = Debug|x64
		{D841BA5B-0D99-4FA7-B1EC-51E84AFF4484}.Debug|x86.ActiveCfg = Debug|Win32
		{D841BA5B-0D99-4FA7-B1EC-51E84AFF4484}.Debug|x86.Build.0 = Debug|Win32
		{D841BA5B-0D99-4FA7-B1EC-51E84AFF4484}.Release|x64.ActiveCfg = Release|x64
		{D841BA5B-0D99-4FA7-B1EC-51E84AFF4484}.Release|x64.Build.0 = Release|x64
		{D841BA5B-0D99-4FA7-B1EC-51E84AFF4484}.Release|x86.ActiveCfg = Release|Win32
		{D841BA5B-0D99-4FA7-B1EC-51E84AFF4484}.Release|x86.Build.0 = Release|Win32
		{952EBFE8-E410-46CD-B5F2-2E937B93F2F5}.Debug|x64.ActiveCfg = Debug|x64
		{952EBFE8-E410-46CD-B5F2-2E937B93F2F5}.Debug|x64.Build.0 = Debug|x64
		{952EBFE8-E410-46CD-B5F2-2E937B93F2F5}.Debug|x86.ActiveCfg = Debug|Win32
		{952EBFE8-E410-46CD-B5F2-2E937B93F2F5}.Debug|x86.Build.0 = Debug|Win32
		{952EBFE8-E410-46CD-B5F2-2E937B93F2F5}.Release|x64.ActiveCfg = Release|x64
		{952EBFE8-E410-46CD-B5F2-2E937B93F2F5}.Release|x64.Build.0 = Release|x64
		{952EBFE8-E410-46CD-B5F2-2E937B93F2F5}.Release|x86.ActiveCfg = Release|Win32
		{952EBFE8-E410-46CD-B5F2-2E937B93F2F5}.Release|x86.Build.0 = Release|Win32
		{71A10D36-6AD2-4DD5-8849-A0A189995B72}.Debug|x64.ActiveCfg = Debug|x64
		{71A10D36-6AD2-4DD5-8849-A0A189995B72}.Debug|x64.Build.0 = Debug|x64
		{71A10D36-6AD2-4DD5-8849-A0A189995B72}.Debug|x86.ActiveCfg = Debug|Win32
		{71A10D36-6AD2-4DD5-8849-A0A189995B72}.Debug|x86.Build.0 = Debug|Win32
		{71A10D36-6AD2-4DD5-8849-A0A189995B72}.Release|x64.ActiveCfg = Release|x64
		{71A10D36-6AD2-4DD5-8849-A0A189995B72}.Release|x64.Build.0 = Release|x64
		{71A10D36-6AD2-4DD5-8849-A0A189995B72}.Release|x86.ActiveCfg = Release|Win32
		{71A10D36-6AD2-4DD5-8849-A0A189995B72}.Release|x86.Build.0 = Release|Win32
		{306A967F-86E4-45C5-99AD-5642142AEABF}.Debug|x64.ActiveCfg = Debug|x64
		{306A967F-86E4-45C5-99AD-5642142AEABF}.Debug|x64.Build.0 = Debug|x64
		{306A967F-86E4-45C5-99AD-5642142AEABF}.Debug|x86.ActiveCfg = Debug|Win32
		{306A967F-86E4-45C5-99AD-5642142AEABF}.Debug|x86.Build.0 = Debug|Win32
		{306A967F-86E4-45C5-99AD-5642142AEABF}.Release|x64.ActiveCfg = Release|x64
		{306A967F-86E4-45C5-99AD-5642142AEABF}.Release|x64.Build.0 = Release|x64
		{306A967F-86E4-45C5-99AD-5642142AEABF}.Release|x86.ActiveCfg = Release|Win32
		{306A967F-86E4-45C5-99AD-5642142AEABF}.Release|x86.Build.0 = Release|Win32
		{BE9AD44B-419D-4C57-8527-5E3DACD979A6}.Debug|x64.ActiveCfg = Debug|x64
		{BE9AD44B-419D-4C57-8527-5E3DACD979A6}.Debug|x64.Build.0 = Debug|x64
		{BE9AD44B-419D-4C57-8527-5E3DACD979A6}.Debug|x86.ActiveCfg = Debug|Win32
		{BE9AD44B-419D-4C57-8527-5E3DACD979A6}.Debug|x86.Build.0 = Debug|Win32
		{BE9AD44B-419D-4C57-8527-5E3DACD979A6}.Release|x64.ActiveCfg = Release|x64
		{BE9AD44B-419D-4C57-8527-5E3DACD979A6}.Release|x64.Build.0 = Release|x64
		{BE9AD44B-419D-4C57-8527-5E3DACD979A6}.Release|x86.ActiveCfg = Release|Win32
		{BE9AD44B-419D-4C57-8527-5E3DACD979A6}.Release|x86.Build.0 = Release|Win32
		{DDEC02D6-DD8B-4083-B864-9488BB49519C}.Debug|x64.ActiveCfg = Debug|x64
		{DDEC02D6-DD8B-4083-B864-9488BB49519C}.Debug|x64.Build.0 = Debug|x64
		{DDEC02D6-DD8B-4083-B864-9488BB49519C}.Debug|x86.ActiveCfg = Debug|Win32
		{DDEC02D6-DD8B-4083-B864-9488BB49519C}.Debug|x86.Build.0 = Debug|Win32
		{DDEC02D6-DD8B-4083-B864-9488BB49519C}.Release|x64.ActiveCfg = Release|x64
		{DDEC02D6-DD8B-4083-B864-9488BB49519C}.Release|x64.Build.0 = Release|x64
		{DDEC02D6-DD8B-4083-B864-9488BB49519C}.Release|x86.ActiveCfg = Release|Win32
		{DDEC02D6-DD8B-4083-B864-9488BB49519C}.Release|x86.Build.0 = Release|Win32
		{59674BF9-86CB-4F02-A3E7-9AA911E21E72}.Debug|x64.ActiveCfg = Debug|x64
		{59674BF9-86CB-4F02-A3E7-9AA911E21E72}.Debug|x64.Build.0 = Debug|x64
		{59674BF9-86CB-4F02-A3E7-9AA911E21E72}.Debug|x86.ActiveCfg = Debug|Win32
		{59674BF9-86CB-4F02-A3E7-9AA911E21E72}.Debug|x86.Build.0 = Debug|Win32
		{59674BF9-86CB-4F02-A3E7-9AA911E21E72}.Release|x64.ActiveCfg = Release|x64
		{59674BF9-86CB-4F02-A3E7-9AA911E21E72}.Release|x64.Build.0 = Release|x64
		{59674BF9-86CB-4F02-A3E7-9AA911E21E72}.Release|x86.ActiveCfg = Release|Win32
		{59674BF9-86CB-4F02-A3E7-9AA911E21E72}.Release|x86.Build.0 = Release|Win32
		{D51A703E-F79F-490B-A8C9-AB56FD00BB3E}.Debug|x64.ActiveCfg = Debug|x64
		{D51A703E-F79F-490B-A8C9-AB56FD00BB3E}.Debug|x64.Build.0 = Debug|x64
		{D51A703E-F79F-490B-A8C9-AB56FD00BB3E}.Debug|x86.ActiveCfg = Debug|Win32
		{D51A703E-F79F-490B-A8C9-AB56FD00BB3E}.Debug|x86.Build.0 = Debug|Win32
		{D51A703E-F79F-490B-A8C9-AB56FD00BB3E}.Release|x64.ActiveCfg = Release|x64
		{D51A703E-F79F-490B-A8C9-AB56FD00BB3E}.Release|x64.Build.0 = Release|x64
		{D51A703E-F79F-490B-A8C9-AB56FD00BB3E}.Release|x86.ActiveCfg = Release|Win32
		{D51A703E-F79F-490B-A8C9-AB56FD00BB3E}.Release|x86.Build.0 = Release|Win32
		{25B84959-C176-415E-891D-15076D6E15E5}.Debug|x64.ActiveCfg = Debug|x64
		{25B84959-C176-415E-891D-15076D6E15E5}.Debug|x64.Build.0 = Debug|x64
		{25B84959-C176-415E-891D-15076D6E15E5}.Debug|x86.ActiveCfg = Debug|Win32
		{25B84959-C176-415E-891D-15076D6E15E5}.Debug|x86.Build.0 = Debug|Win32
		{25B84959-C176-415E-891D-15076D6E15E5}.Release|x64.ActiveCfg = Release|x64
		{25B84959-C176-415E-891D-15076D6E15E5}.Release|x64.Build.0 = Release|x64
		{25B84959-C176-415E-891D-15076D6E15E5}.Release|x86.ActiveCfg = Release|Win32
		{25B84959-C176-415E-891D-15076D6E15E5}.Release|x86.Build.0 = Release|Win32
		{24321A5B-048E-463A-815C-7F55EF0EA138}.Debug|x64.ActiveCfg = Debug|x64
		{24321A5B-048E-463A-815C-7F55EF0EA138}.Debug|x64.Build.0 = Debug|x64
		{24321A5B-048E-463A-815C-7F55EF0EA138}.Debug|x86.ActiveCfg = Debug|Win32
		{24321A5B-048E-463A-815C-7F55EF0EA138}.Debug|x86.Build.0 = Debug|Win32
		{24321A5B-048E-463A-815C-7F55EF0EA138}.Release|x64.ActiveCfg = Release|x64
		{24321A5B-048E-463A-815C-7F55EF0EA138}.Release|x64.Build.0 = Release|x64
		{24321A5B-048E-463A-815C-7F55EF0EA138}.Release|x86.ActiveCfg = Release|Win32
		{24321A5B-048E-463A-815C-7F55EF0EA138}.Release|x86.Build.0 = Release|Win32
		{312604D9-95CC-4415-9861-0784FF719AC3}.Debug|x64.ActiveCfg = Debug|x64
		{312604D9-95CC-4415-9861-0784FF719AC3}.Debug|x64.Build.0 = Debug|x64
		{312604D9-95CC-4415-9861-0784FF719AC3}.Debug|x86.ActiveCfg = Debug|Win32
		{312604D9-95CC-4415-9861-0784FF719AC3}.Debug|x86.Build.0 = Debug|Win32
		{312604D9-95CC-4415-9861-0784FF719AC3}.Release|x64.ActiveCfg = Release|x64
		{312604D9-95CC-4415-9861-0784FF719AC3}.Release|x64.Build.0 = Release|x64
		{312604D9-95CC-4415-9861-0784FF719AC3}.Release|x86.ActiveCfg = Release|Win32
		{312604D9-95CC-4415-9861-0784FF719AC3}.Release|x86.Build.0 = Release|Win32
		{1DAC232B-D0F4-4540-946B-0C8FBB94C7E9}.Debug|x64.ActiveCfg = Debug|x64
		{1DAC232B-D0F4-4540-946B-0C8FBB94C7E9}.Debug|x64.Build.0 = Debug|x64
		{1DAC232B-D0F4-4540-946B-0C8FBB94C7E9}.Debug|x86.ActiveCfg = Debug|Win32
		{1DAC232B-D0F4-4540-946B-0C8FBB94C7E9}.Debug|x86.Build.0 = Debug|Win32
		{1DAC232B-D0F4-4540-946B-0C8FBB94C7E9}.Release|x64.ActiveCfg = Release|x64
		{1DAC232B-D0F4-4540-946B-0C8FBB94C7E9}.Release|x64.Build.0 = Release|x64
		{1DAC232B-D0F4-4540-946B-0C8FBB94C7E9}.Release|x86.ActiveCfg = Release|Win32
		{1DAC232B-D0F4-4540-946B-0C8FBB94C7E9}.Release|x86.Build.0 = Release|Win32
		{670814A3-1615-4DBC-A62F-3F32C50FC35F}.Debug|x64.ActiveCfg = Debug|x64
		{670814A3-1615-4DBC-A62F-3F32C50FC35F}.Debug|x64.Build.0 = Debug|x64
		{670814A3-1615-4DBC-A62F-3F32C50FC35F}.Debug|x86.ActiveCfg = Debug|Win32
		{670814A3-1615-4DBC-A62F-3F32C50FC35F}.Debug|x86.Build.0 = Debug|Win32
		{670814A3-1615-4DBC-A62F-3F32C50FC35F}.Release|x64.ActiveCfg = Release|x64
		{670814A3-1615-4DBC-A62F-3F32C50FC35F}.Release|x64.Build.0 = Release|x64
		{670814A3-1615-4DBC-A62F-3F32C50FC35F}.Release|x86.ActiveCfg = Release|Win32
		{670814A3-1615-4DBC-A62F-3F32C50FC35F}.Release|x86.Build.0 = Release|Win32
		{BD0EBDD4-2C71-426A-816B-FE2DA654C1B0}.Debug|x64.ActiveCfg = Debug|x64
		{BD0EBDD4-2C71-426A-816B-FE2DA654C1B0}.Debug|x64.Build.0 = Debug|x64
		{BD0EBDD4-2C71-426A-816B-FE2DA654C1B0}.Debug|x86.ActiveCfg = Debug|Win32
		{BD0EBDD4-2C71-426A-816B-FE2DA654C1B0}.Debug|x86.Build.0 = Debug|Win32
		{BD0EBDD4-2C71-426A-816B-FE2DA654C1B0}.Release|x64.ActiveCfg = Release|x64
		{BD0EBDD4-2C71-426A-816B-FE2DA654C1B0}.Release|x64.Build.0 = Release|x64
		{BD0EBDD4-2C71-426A-816B-FE2DA654C1B0}.Release|x86.ActiveCfg = Release|Win32
		{BD0EBDD4-2C71-426A-816B-FE2DA654C1B0}.Release|x86.Build.0 = Release|Win32
		{5F3634C7-7363-45D9-A7F8-C73021F977D9}.Debug|x64.ActiveCfg = Debug|x64
		{5F3634C7-7363-45D9-A7F8-C73021F977D9}.Debug|x64.Build.0 = Debug|x64
		{5F3634C7-7363-45D9-A7F8-C73021F977D9}.Debug|x86.ActiveCfg = Debug|Win32
		{5F3634C7-7363-45D9-A7F8-C73021F977D9}.Debug|x86.Build.0 = Debug|Win32
		{5F3634C7-7363-45D9-A7F8-C73021F977D9}.Release|x64.ActiveCfg = Release|x64
		{5F3634C7-7363-45D9-A7F8-C73021F977D9}.Release|x64.Build.0 = Release|x64
		{5F3634C7-7363-45D9-A7F8-C73021F977D9}.Release|x86.ActiveCfg = Release|Win32
		{5F3634C7-7363-45D9-A7F8-C73021F977D9}.Release|x86.Build.0 = Release|Win32
		{7BD62BEB-CB27-41DE-9E04-84FEAC986A69}.Debug|x64.ActiveCfg = Debug|x64
		{7BD62BEB-CB27-41DE-9E04-84FEAC986A69}.Debug|x64.Build.0 = Debug|x64
		{7BD62BEB-CB27-41DE-9E04-84FEAC986A69}.Debug|x86.ActiveCfg = Debug|Win32
		{7BD62BEB-CB27-41DE-9E04-84FEAC986A69}.Debug|x86.Build.0 = Debug|Win32
		{7BD62BEB-CB27-41DE-9E04-84FEAC986A69}.Release|x64.ActiveCfg = Release|x64
		{7BD62BEB-CB27-41DE-9E04-84FEAC986A69}.Release|x64.Build.0 = Release|x64
		{7BD62BEB-CB27-41DE-9E04-84FEAC986A69}.Release|x86.ActiveCfg = Release|Win32
		{7BD62BEB-CB27-41DE-9E04-84FEAC986A69}.Release|x86.Build.0 = Release|Win32
		{1BB23F8B-1071-4F95-B57D-8840CD6A4000}.Debug|x64.ActiveCfg = Debug|x64
		{1BB23F8B-1071-4F95-B57D-8840CD6A4000}.Debug|x64.Build.0 = Debug|x64
		{1BB23F8B-1071-4F95-B57D-8840CD6A4000}.Debug|x86.ActiveCfg = Debug|Win32
		{1BB23F8B-1071-4F95-B57D-8840CD6A4000}.Debug|x86.Build.0 = Debug|Win32
		{1BB23F8B-1071-4F95-B57D-8840CD6A4000}.Release|x64.ActiveCfg = Release|x64
		{1BB23F8B-1071-4F95-B57D-8840CD6A4000}.Release|x64.Build.0 = Release|x64
		{1BB23F8B-1071-4F95-B57D-8840CD6A4000}.Release|x86.ActiveCfg = Release|Win32
		{1BB23F8B-1071-4F95-B57D-8840CD6A4000}.Release|x86.Build.0 = Release|Win32
		{FE4EB50F-CFDA-49C0-93A8-496807CAFAE6}.Debug|x64.ActiveCfg = Debug|x64
		{FE4EB50F-CFDA-49C0-93A8-496807CAFAE6}.Debug|x64.Build.0 = Debug|x64
		{FE4EB50F-CFDA-49C0-93A8-496807CAFAE6}.Debug|x86.ActiveCfg = Debug|Win32
		{FE4EB50F-CFDA-49C0-93A8-496807CAFAE6}.Debug|x86.Build.0 = Debug|Win32
		{FE4EB50F-CFDA-49C0-93A8-496807CAFAE6}.Release|x64.ActiveCfg = Release|x64
		{FE4EB50F-CFDA-49C0-93A8-496807CAFAE6}.Release|x64.Build.0 = Release|x64
		{FE4EB50F-CFDA-49C0-93A8-496807CAFAE6}.Release|x86.ActiveCfg = Release|Win32
		{FE4EB50F-CFDA-49C0-93A8-496807CAFAE6}.Release|x86.Build.0 = Release|Win32
		{9745EA5B-B3F2-45FD-BA01-5653F32DF54C}.Debug|x64.ActiveCfg = Debug|x64
		{9745EA5B-B3F2-45FD-BA01-5653F32DF54C}.Debug|x64.Build.0 = Debug|x64
		{9745EA5B-B3F2-45FD-BA01-5653F32DF54C}.Debug|x86.ActiveCfg = Debug|Win32
		{9745EA5B-B3F2-45FD-BA01-5653F32DF54C}.Debug|x86.Build.0 = Debug|Win32
		{9745EA5B-B3F2-45FD-BA01-5653F32DF54C}.Release|x64.ActiveCfg = Release|x64
		{9745EA5B-B3F2-45FD-BA01-5653F32DF54C}.Release|x64.Build.0 = Release|x64
		{9745EA5B-B3F2-45FD-BA01-5653F32DF54C}.Release|x86.ActiveCfg = Release|Win32
		{9745EA5B-B3F2-45FD-BA01-5653F32DF54C}.Release|x86.Build.0 = Release|Win32
		{4226307D-A779-45D5-869D-DC6C1FB342CC}.Debug|x64.ActiveCfg = Debug|x64
		{4226307D-A779-45D5-869D-DC6C1FB342CC}.Debug|x64.Build.0 = Debug|x64
		{4226307D-A779-45D5-869D-DC6C1FB342CC}.Debug|x86.ActiveCfg = Debug|Win32
		{4226307D-A779-45D5-869D-DC6C1FB342CC}.Debug|x86.Build.0 = Debug|Win32
		{4226307D-A779-45D5-869D-DC6C1FB342CC}.Release|x64.ActiveCfg = Release|x64
		{4226307D-A779-45D5-869D-DC6C1FB342CC}.Release|x64.Build.0 = Release|x64
		{4226307D-A779-45D5-869D-DC6C1FB342CC}.Release|x86.ActiveCfg = Release|Win32
		{4226307D-A779-45D5-869D-DC6C1FB342CC}.Release|x86.Build.0 = Release|Win32
		{FC8FFC52-CA08-43E9-9152-A71AFD23CA4E}.Debug|x64.ActiveCfg = Debug|x64
		{FC8FFC52-CA08-43E9-9152-A71AFD23CA4E}.Debug|x64.Build.0 = Debug|x64
		{FC8FFC52-CA08-43E9-9152-A71AFD23CA4E}.Debug|x86.ActiveCfg = Debug|Win32
		{FC8FFC52-CA08-43E9-9152-A71AFD23CA4E}.Debug|x86.Build.0 = Debug|Win32
		{FC8FFC52-CA08-43E9-9152-A71AFD23CA4E}.Release|x64.ActiveCfg = Release|x64
		{FC8FFC52-CA08-43E9-9152-A71AFD23CA4E}.Release|x64.Build.0 = Release|x64
		{FC8FFC52-CA08-43E9-9152-A71AFD23CA4E}.Release|x86.ActiveCfg = Release|Win32
		{FC8FFC52-CA08-43E9-9152-A71AFD23CA4E}.Release|x86.Build.0 = Release|Win32
		{9809B9BA-8840-4DE4-AC59-F3EEAD214EAA}.Debug|x64.ActiveCfg = Debug|x64
		{9809B9BA-8840-4DE4-AC59-F3EEAD214EAA}.Debug|x64.Build.0 = Debug|x64
		{9809B9BA-8840-4DE4-AC59-F3EEAD214EAA}.Debug|x86.ActiveCfg = Debug|Win32
		{9809B9BA-8840-4DE4-AC59-F3EEAD214EAA}.Debug|x86.Build.0 = Debug|Win32
		{9809B9BA-8840-4DE4-AC59-F3EEAD214EAA}.Release|x64.ActiveCfg = Release|x64
		{9809B9BA-8840-4DE4-AC59-F3EEAD214EAA}.Release|x64.Build.0 = Release|x64
		{9809B9BA-8840-4DE4-AC59-F3EEAD214EAA}.Release|x86.ActiveCfg = Release|Win32
		{9809B9BA-8840-4DE4-AC59-F3EEAD214EAA}.Release|x86.Build.0 = Release|Win32
		{45DB3E5F-E373-4E88-B1CF-8D9CCE755750}.Debug|x64.ActiveCfg = Debug|x64
		{45DB3E5F-E373-4E88-B1CF-8D9CCE755750}.Debug|x64.Build.0 = Debug|x64
		{45DB3E5F-E373-4E88-B1CF-8D9CCE755750}.Debug|x86.ActiveCfg = Debug|Win32
		{45DB3E5F-E373-4E88-B1CF-8D9CCE755750}.Debug|x86.Build.0 = Debug|Win32
		{45DB3E5F-E373-4E88-B1CF-8D9CCE755750}.Release|x64.ActiveCfg = Release|x64
		{45DB3E5F-E373-4E88-B1CF-8D9CCE755750}.Release|x64.Build.0 = Release|x64
		{45DB3E5F-E373-4E88-B1CF-8D9CCE755750}.Release|x86.ActiveCfg = Release|Win32
		{45DB3E5F-E373-4E88-B1CF-8D9CCE755750}.Release|x86.Build.0 = Release|Win32
		{F0CDA8CE-1D44-488F-A290-54D4D758F886}.Debug|x64.ActiveCfg = Debug|x64
		{F0CDA8CE-1D44-488F-A290-54D4D758F886}.Debug|x64.Build.0 = Debug|x64
		{F0CDA8CE-1D44-488F-A290-54D4D758F886}.Debug|x86.ActiveCfg = Debug|Win32
		{F0CDA8CE-1D44-488F-A290-54D4D758F886}.Debug|x86.Build.0 = Debug|Win32
		{F0CDA8CE-1D44-488F-A290-54D4D758F886}.Release|x64.ActiveCfg = Release|x64
		{F0CDA8CE-1D44-488F-A290-54D4D758F886}.Release|x64.Build.0 = Release|x64
		{F0CDA8CE-1D44-488F-A290-54D4D758F886}.Release|x86.ActiveCfg = Release|Win32
		{F0CDA8CE-1D44-488F-A290-54D4D758F886}.Release|x86.Build.0 = Release|Win32
		{5C7F940A-9571-4C70-9E5B-59E6E6D3B2D3}.Debug|x64.ActiveCfg = Debug|x64
		{5C7F940A-9571-4C70-9E5B-59E6E6D3B2D3}.Debug|x64.Build.0 = Debug|x64
		{5C7F940A-9571-4C70-9E5B-59E6E6D3B2D3}.Debug|x86.ActiveCfg = Debug|Win32
		{5C7F940A-9571-4C70-9E5B-59E6E6D3B2D3}.Debug|x86.Build.0 = Debug|Win32
		{5C7F940A-9571-4C70-9E5B-59E6E6D3B2D3}.Release|x64.ActiveCfg = Release|x64
		{5C7F940A-9571-4C70-9E5B-59E6E6D3B2D3}.Release|x64.Build.0 = Release|x64
		{5C7F940A-9571-4C70-9E5B-59E6E6D3B2D3}.Release|x86.ActiveCfg = Release|Win32
		{5C7F940A-9571-4C70-9E5B-59E6E6D3B2D3}.Release|x86.Build.0 = Release|Win32
		{1EA69E7B-1E73-4C8E-AE35-5F0D52967E70}.Debug|x64.ActiveCfg = Debug|x64
		{1EA69E7B-1E73-4C8E-AE35-5F0D52967E70}.Debug|x64.Build.0 = Debug|x64
		{1EA69E7B-1E73-4C8E-AE35-5F0D52967E70}.Debug|x86.ActiveCfg = Debug|Win32
		{1EA69E7B-1E73-4C8E-AE35-5F0D52967E70}.Debug|x86.Build.0 = Debug|Win32
		{1EA69E7B-1E73-4C8E-AE35-5F0D52967E70}.Release|x64.ActiveCfg = Release|x64
		{1EA69E7B-1E73-4C8E-AE35-5F0D52967E70}.Release|x64.Build.0 = Release|x64
		{1EA69E7B-1E73-4C8E-AE35-5F0D52967E70}.Release|x86.ActiveCfg = Release|Win32
		{1EA69E7B-1E73-4C8E-AE35-5F0D52967E70}.Release|x86.Build.0 = Release|Win32
		{E8EDC50D-2398-416D-BEA0-4149ED316B32}.Debug|x64.ActiveCfg = Debug|x64
		{E8EDC50D-2398-416D-BEA0-4149ED316B32}.Debug|x64.Build.0 = Debug|x64
		{E8EDC50D-2398-416D-BEA0-4149ED316B32}.Debug|x86.ActiveCfg = Debug|Win32
		{E8EDC50D-2398-416D-BEA0-4149ED316B32}.Debug|x86.Build.0 = Debug|Win32
		{E8EDC50D-2398-416D-BEA0-4149ED316B32}.Release|x64.ActiveCfg = Release|x64
		{E8EDC50D-2398-416D-BEA0-4149ED316B32}.Release|x64.Build.0 = Release|x64
		{E8EDC50D-2398-416D-BEA0-4149ED316B32}.Release|x86.ActiveCfg = Release|Win32
		{E8EDC50D-2398-416D-BEA0-4149ED316B32}.Release|x86.Build.0 = Release|Win32
	EndGlobalSection
	GlobalSection(SolutionProperties) = preSolution
		HideSolutionNode = FALSE
	EndGlobalSection
	GlobalSection(ExtensibilityGlobals) = postSolution
		SolutionGuid = {ECAB237C-A4F8-49CC-AF9C-1FA8607B7418}
	EndGlobalSection
EndGlobal
