
Microsoft Visual Studio Solution File, Format Version 12.00
# Visual Studio Version 17
VisualStudioVersion = 17.6.33815.320
MinimumVisualStudioVersion = 10.0.40219.1
Project("{8BC9CEB8-8B4A-11D0-8D11-00A0C91BC942}") = "CB01", "CB01\CB01.vcxproj", "{C9FC26AC-0D80-4B15-85B9-869D3751E8AF}"
EndProject
Project("{8BC9CEB8-8B4A-11D0-8D11-00A0C91BC942}") = "CB02", "CB02\CB02.vcxproj", "{EFF4141E-2594-4474-B942-561C094879DA}"
EndProject
Project("{8BC9CEB8-8B4A-11D0-8D11-00A0C91BC942}") = "CB08", "CB08\CB08.vcxproj", "{3DABC1FC-6B75-4F42-8677-41ADA24B1B89}"
EndProject
Project("{8BC9CEB8-8B4A-11D0-8D11-00A0C91BC942}") = "DK06", "DK06\DK06.vcxproj", "{126EC64F-CBC2-41FC-AEFC-5DF0F0715E89}"
EndProject
Project("{8BC9CEB8-8B4A-11D0-8D11-00A0C91BC942}") = "SUM1", "SUM1\SUM1.vcxproj", "{2B5AFF4C-55C3-49ED-8A0B-9376FCA745E7}"
EndProject
Project("{8BC9CEB8-8B4A-11D0-8D11-00A0C91BC942}") = "VL08", "VL08\VL08.vcxproj", "{30D44E40-49DA-4C5E-AEE8-5FB5016CF9B9}"
EndProject
Project("{8BC9CEB8-8B4A-11D0-8D11-00A0C91BC942}") = "VL14", "VL14\VL14.vcxproj", "{44E9CC0B-5E32-4002-8643-2C1AFA2C82C1}"
EndProject
Project("{8BC9CEB8-8B4A-11D0-8D11-00A0C91BC942}") = "VL20", "VL20\VL20.vcxproj", "{D841BA5B-0D99-4FA7-B1EC-51E84AFF4484}"
EndProject
Project("{8BC9CEB8-8B4A-11D0-8D11-00A0C91BC942}") = "VT04", "VT04\VT04.vcxproj", "{952EBFE8-E410-46CD-B5F2-2E937B93F2F5}"
EndProject
Project("{8BC9CEB8-8B4A-11D0-8D11-00A0C91BC942}") = "VT10", "VT10\VT10.vcxproj", "{71A10D36-6AD2-4DD5-8849-A0A189995B72}"
EndProject
Project("{8BC9CEB8-8B4A-11D0-8D11-00A0C91BC942}") = "CB07", "CB07\CB07.vcxproj", "{306A967F-86E4-45C5-99AD-5642142AEABF}"
EndProject
Project("{8BC9CEB8-8B4A-11D0-8D11-00A0C91BC942}") = "DK05", "DK05\DK05.vcxproj", "{BE9AD44B-419D-4C57-8527-5E3DACD979A6}"
EndProject
Project("{8BC9CEB8-8B4A-11D0-8D11-00A0C91BC942}") = "VL01", "VL01\VL01.vcxproj", "{DDEC02D6-DD8B-4083-B864-9488BB49519C}"
EndProject
Project("{8BC9CEB8-8B4A-11D0-8D11-00A0C91BC942}") = "VL07", "VL07\VL07.vcxproj", "{59674BF9-86CB-4F02-A3E7-9AA911E21E72}"
EndProject
Project("{8BC9CEB8-8B4A-11D0-8D11-00A0C91BC942}") = "VL13", "VL13\VL13.vcxproj", "{D51A703E-F79F-490B-A8C9-AB56FD00BB3E}"
EndProject
Project("{8BC9CEB8-8B4A-11D0-8D11-00A0C91BC942}") = "VL19", "VL19\VL19.vcxproj", "{25B84959-C176-415E-891D-15076D6E15E5}"
EndProject
Project("{8BC9CEB8-8B4A-11D0-8D11-00A0C91BC942}") = "VT03", "VT03\VT03.vcxproj", "{24321A5B-048E-463A-815C-7F55EF0EA138}"
EndProject
Project("{8BC9CEB8-8B4A-11D0-8D11-00A0C91BC942}") = "VT09", "VT09\VT09.vcxproj", "{312604D9-95CC-4415-9861-0784FF719AC3}"
EndProject
Project("{8BC9CEB8-8B4A-11D0-8D11-00A0C91BC942}") = "CB06", "CB06\CB06.vcxproj", "{2F8DD4CF-DB5F-4DCC-8E6E-55187F8D696D}"
EndProject
Project("{8BC9CEB8-8B4A-11D0-8D11-00A0C91BC942}") = "DK04", "DK04\DK04.vcxproj", "{7AB6A7BD-52FB-4364-93BA-639BC7A269FB}"
EndProject
Project("{8BC9CEB8-8B4A-11D0-8D11-00A0C91BC942}") = "DK10", "DK10\DK10.vcxproj", "{2EE4364A-5252-4125-B1D2-E9DAE711B4CC}"
EndProject
Project("{8BC9CEB8-8B4A-11D0-8D11-00A0C91BC942}") = "GT1", "GT1\GT1.vcxproj", "{51D69682-1E33-42A4-BF43-C57A111EA240}"
EndProject
Project("{8BC9CEB8-8B4A-11D0-8D11-00A0C91BC942}") = "VL12", "VL12\VL12.vcxproj", "{D78C4015-ED3E-4C32-9EAA-D6D66AAD5431}"
EndProject
Project("{8BC9CEB8-8B4A-11D0-8D11-00A0C91BC942}") = "VL18", "VL18\VL18.vcxproj", "{4BCE6ABE-57D1-4C0B-9320-7F0113740800}"
EndProject
Project("{8BC9CEB8-8B4A-11D0-8D11-00A0C91BC942}") = "VT02", "VT02\VT02.vcxproj", "{4907AA7D-DD1C-4429-8502-396B7C982D75}"
EndProject
Project("{8BC9CEB8-8B4A-11D0-8D11-00A0C91BC942}") = "VT08", "VT08\VT08.vcxproj", "{85C56502-8725-4FD8-BD46-A08A937FBEC2}"
EndProject
Global
	GlobalSection(SolutionConfigurationPlatforms) = preSolution
		Debug|x64 = Debug|x64
		Debug|x86 = Debug|x86
		Release|x64 = Release|x64
		Release|x86 = Release|x86
	EndGlobalSection
	GlobalSection(ProjectConfigurationPlatforms) = postSolution
		{C9FC26AC-0D80-4B15-85B9-869D3751E8AF}.Debug|x64.ActiveCfg = Debug|x64
		{C9FC26AC-0D80-4B15-85B9-869D3751E8AF}.Debug|x64.Build.0 = Debug|x64
		{C9FC26AC-0D80-4B15-85B9-869D3751E8AF}.Debug|x86.ActiveCfg = Debug|Win32
		{C9FC26AC-0D80-4B15-85B9-869D3751E8AF}.Debug|x86.Build.0 = Debug|Win32
		{C9FC26AC-0D80-4B15-85B9-869D3751E8AF}.Release|x64.ActiveCfg = Release|x64
		{C9FC26AC-0D80-4B15-85B9-869D3751E8AF}.Release|x64.Build.0 = Release|x64
		{C9FC26AC-0D80-4B15-85B9-869D3751E8AF}.Release|x86.ActiveCfg = Release|Win32
		{C9FC26AC-0D80-4B15-85B9-869D3751E8AF}.Release|x86.Build.0 = Release|Win32
		{EFF4141E-2594-4474-B942-561C094879DA}.Debug|x64.ActiveCfg = Debug|x64
		{EFF4141E-2594-4474-B942-561C094879DA}.Debug|x64.Build.0 = Debug|x64
		{EFF4141E-2594-4474-B942-561C094879DA}.Debug|x86.ActiveCfg = Debug|Win32
		{EFF4141E-2594-4474-B942-561C094879DA}.Debug|x86.Build.0 = Debug|Win32
		{EFF4141E-2594-4474-B942-561C094879DA}.Release|x64.ActiveCfg = Release|x64
		{EFF4141E-2594-4474-B942-561C094879DA}.Release|x64.Build.0 = Release|x64
		{EFF4141E-2594-4474-B942-561C094879DA}.Release|x86.ActiveCfg = Release|Win32
		{EFF4141E-2594-4474-B942-561C094879DA}.Release|x86.Build.0 = Release|Win32
		{3DABC1FC-6B75-4F42-8677-41ADA24B1B89}.Debug|x64.ActiveCfg = Debug|x64
		{3DABC1FC-6B75-4F42-8677-41ADA24B1B89}.Debug|x64.Build.0 = Debug|x64
		{3DABC1FC-6B75-4F42-8677-41ADA24B1B89}.Debug|x86.ActiveCfg = Debug|Win32
		{3DABC1FC-6B75-4F42-8677-41ADA24B1B89}.Debug|x86.Build.0 = Debug|Win32
		{3DABC1FC-6B75-4F42-8677-41ADA24B1B89}.Release|x64.ActiveCfg = Release|x64
		{3DABC1FC-6B75-4F42-8677-41ADA24B1B89}.Release|x64.Build.0 = Release|x64
		{3DABC1FC-6B75-4F42-8677-41ADA24B1B89}.Release|x86.ActiveCfg = Release|Win32
		{3DABC1FC-6B75-4F42-8677-41ADA24B1B89}.Release|x86.Build.0 = Release|Win32
		{126EC64F-CBC2-41FC-AEFC-5DF0F0715E89}.Debug|x64.ActiveCfg = Debug|x64
		{126EC64F-CBC2-41FC-AEFC-5DF0F0715E89}.Debug|x64.Build.0 = Debug|x64
		{126EC64F-CBC2-41FC-AEFC-5DF0F0715E89}.Debug|x86.ActiveCfg = Debug|Win32
		{126EC64F-CBC2-41FC-AEFC-5DF0F0715E89}.Debug|x86.Build.0 = Debug|Win32
		{126EC64F-CBC2-41FC-AEFC-5DF0F0715E89}.Release|x64.ActiveCfg = Release|x64
		{126EC64F-CBC2-41FC-AEFC-5DF0F0715E89}.Release|x64.Build.0 = Release|x64
		{126EC64F-CBC2-41FC-AEFC-5DF0F0715E89}.Release|x86.ActiveCfg = Release|Win32
		{126EC64F-CBC2-41FC-AEFC-5DF0F0715E89}.Release|x86.Build.0 = Release|Win32
		{2B5AFF4C-55C3-49ED-8A0B-9376FCA745E7}.Debug|x64.ActiveCfg = Debug|x64
		{2B5AFF4C-55C3-49ED-8A0B-9376FCA745E7}.Debug|x64.Build.0 = Debug|x64
		{2B5AFF4C-55C3-49ED-8A0B-9376FCA745E7}.Debug|x86.ActiveCfg = Debug|Win32
		{2B5AFF4C-55C3-49ED-8A0B-9376FCA745E7}.Debug|x86.Build.0 = Debug|Win32
		{2B5AFF4C-55C3-49ED-8A0B-9376FCA745E7}.Release|x64.ActiveCfg = Release|x64
		{2B5AFF4C-55C3-49ED-8A0B-9376FCA745E7}.Release|x64.Build.0 = Release|x64
		{2B5AFF4C-55C3-49ED-8A0B-9376FCA745E7}.Release|x86.ActiveCfg = Release|Win32
		{2B5AFF4C-55C3-49ED-8A0B-9376FCA745E7}.Release|x86.Build.0 = Release|Win32
		{30D44E40-49DA-4C5E-AEE8-5FB5016CF9B9}.Debug|x64.ActiveCfg = Debug|x64
		{30D44E40-49DA-4C5E-AEE8-5FB5016CF9B9}.Debug|x64.Build.0 = Debug|x64
		{30D44E40-49DA-4C5E-AEE8-5FB5016CF9B9}.Debug|x86.ActiveCfg = Debug|Win32
		{30D44E40-49DA-4C5E-AEE8-5FB5016CF9B9}.Debug|x86.Build.0 = Debug|Win32
		{30D44E40-49DA-4C5E-AEE8-5FB5016CF9B9}.Release|x64.ActiveCfg = Release|x64
		{30D44E40-49DA-4C5E-AEE8-5FB5016CF9B9}.Release|x64.Build.0 = Release|x64
		{30D44E40-49DA-4C5E-AEE8-5FB5016CF9B9}.Release|x86.ActiveCfg = Release|Win32
		{30D44E40-49DA-4C5E-AEE8-5FB5016CF9B9}.Release|x86.Build.0 = Release|Win32
		{44E9CC0B-5E32-4002-8643-2C1AFA2C82C1}.Debug|x64.ActiveCfg = Debug|x64
		{44E9CC0B-5E32-4002-8643-2C1AFA2C82C1}.Debug|x64.Build.0 = Debug|x64
		{44E9CC0B-5E32-4002-8643-2C1AFA2C82C1}.Debug|x86.ActiveCfg = Debug|Win32
		{44E9CC0B-5E32-4002-8643-2C1AFA2C82C1}.Debug|x86.Build.0 = Debug|Win32
		{44E9CC0B-5E32-4002-8643-2C1AFA2C82C1}.Release|x64.ActiveCfg = Release|x64
		{44E9CC0B-5E32-4002-8643-2C1AFA2C82C1}.Release|x64.Build.0 = Release|x64
		{44E9CC0B-5E32-4002-8643-2C1AFA2C82C1}.Release|x86.ActiveCfg = Release|Win32
		{44E9CC0B-5E32-4002-8643-2C1AFA2C82C1}.Release|x86.Build.0 = Release|Win32
		{D841BA5B-0D99-4FA7-B1EC-51E84AFF4484}.Debug|x64.ActiveCfg = Debug|x64
		{D841BA5B-0D99-4FA7-B1EC-51E84AFF4484}.Debug|x64.Build.0 = Debug|x64
		{D841BA5B-0D99-4FA7-B1EC-51E84AFF4484}.Debug|x86.ActiveCfg = Debug|Win32
		{D841BA5B-0D99-4FA7-B1EC-51E84AFF4484}.Debug|x86.Build.0 = Debug|Win32
		{D841BA5B-0D99-4FA7-B1EC-51E84AFF4484}.Release|x64.ActiveCfg = Release|x64
		{D841BA5B-0D99-4FA7-B1EC-51E84AFF4484}.Release|x64.Build.0 = Release|x64
		{D841BA5B-0D99-4FA7-B1EC-51E84AFF4484}.Release|x86.ActiveCfg = Release|Win32
		{D841BA5B-0D99-4FA7-B1EC-51E84AFF4484}.Release|x86.Build.0 = Release|Win32
		{952EBFE8-E410-46CD-B5F2-2E937B93F2F5}.Debug|x64.ActiveCfg = Debug|x64
		{952EBFE8-E410-46CD-B5F2-2E937B93F2F5}.Debug|x64.Build.0 = Debug|x64
		{952EBFE8-E410-46CD-B5F2-2E937B93F2F5}.Debug|x86.ActiveCfg = Debug|Win32
		{952EBFE8-E410-46CD-B5F2-2E937B93F2F5}.Debug|x86.Build.0 = Debug|Win32
		{952EBFE8-E410-46CD-B5F2-2E937B93F2F5}.Release|x64.ActiveCfg = Release|x64
		{952EBFE8-E410-46CD-B5F2-2E937B93F2F5}.Release|x64.Build.0 = Release|x64
		{952EBFE8-E410-46CD-B5F2-2E937B93F2F5}.Release|x86.ActiveCfg = Release|Win32
		{952EBFE8-E410-46CD-B5F2-2E937B93F2F5}.Release|x86.Build.0 = Release|Win32
		{71A10D36-6AD2-4DD5-8849-A0A189995B72}.Debug|x64.ActiveCfg = Debug|x64
		{71A10D36-6AD2-4DD5-8849-A0A189995B72}.Debug|x64.Build.0 = Debug|x64
		{71A10D36-6AD2-4DD5-8849-A0A189995B72}.Debug|x86.ActiveCfg = Debug|Win32
		{71A10D36-6AD2-4DD5-8849-A0A189995B72}.Debug|x86.Build.0 = Debug|Win32
		{71A10D36-6AD2-4DD5-8849-A0A189995B72}.Release|x64.ActiveCfg = Release|x64
		{71A10D36-6AD2-4DD5-8849-A0A189995B72}.Release|x64.Build.0 = Release|x64
		{71A10D36-6AD2-4DD5-8849-A0A189995B72}.Release|x86.ActiveCfg = Release|Win32
		{71A10D36-6AD2-4DD5-8849-A0A189995B72}.Release|x86.Build.0 = Release|Win32
		{306A967F-86E4-45C5-99AD-5642142AEABF}.Debug|x64.ActiveCfg = Debug|x64
		{306A967F-86E4-45C5-99AD-5642142AEABF}.Debug|x64.Build.0 = Debug|x64
		{306A967F-86E4-45C5-99AD-5642142AEABF}.Debug|x86.ActiveCfg = Debug|Win32
		{306A967F-86E4-45C5-99AD-5642142AEABF}.Debug|x86.Build.0 = Debug|Win32
		{306A967F-86E4-45C5-99AD-5642142AEABF}.Release|x64.ActiveCfg = Release|x64
		{306A967F-86E4-45C5-99AD-5642142AEABF}.Release|x64.Build.0 = Release|x64
		{306A967F-86E4-45C5-99AD-5642142AEABF}.Release|x86.ActiveCfg = Release|Win32
		{306A967F-86E4-45C5-99AD-5642142AEABF}.Release|x86.Build.0 = Release|Win32
		{BE9AD44B-419D-4C57-8527-5E3DACD979A6}.Debug|x64.ActiveCfg = Debug|x64
		{BE9AD44B-419D-4C57-8527-5E3DACD979A6}.Debug|x64.Build.0 = Debug|x64
		{BE9AD44B-419D-4C57-8527-5E3DACD979A6}.Debug|x86.ActiveCfg = Debug|Win32
		{BE9AD44B-419D-4C57-8527-5E3DACD979A6}.Debug|x86.Build.0 = Debug|Win32
		{BE9AD44B-419D-4C57-8527-5E3DACD979A6}.Release|x64.ActiveCfg = Release|x64
		{BE9AD44B-419D-4C57-8527-5E3DACD979A6}.Release|x64.Build.0 = Release|x64
		{BE9AD44B-419D-4C57-8527-5E3DACD979A6}.Release|x86.ActiveCfg = Release|Win32
		{BE9AD44B-419D-4C57-8527-5E3DACD979A6}.Release|x86.Build.0 = Release|Win32
		{DDEC02D6-DD8B-4083-B864-9488BB49519C}.Debug|x64.ActiveCfg = Debug|x64
		{DDEC02D6-DD8B-4083-B864-9488BB49519C}.Debug|x64.Build.0 = Debug|x64
		{DDEC02D6-DD8B-4083-B864-9488BB49519C}.Debug|x86.ActiveCfg = Debug|Win32
		{DDEC02D6-DD8B-4083-B864-9488BB49519C}.Debug|x86.Build.0 = Debug|Win32
		{DDEC02D6-DD8B-4083-B864-9488BB49519C}.Release|x64.ActiveCfg = Release|x64
		{DDEC02D6-DD8B-4083-B864-9488BB49519C}.Release|x64.Build.0 = Release|x64
		{DDEC02D6-DD8B-4083-B864-9488BB49519C}.Release|x86.ActiveCfg = Release|Win32
		{DDEC02D6-DD8B-4083-B864-9488BB49519C}.Release|x86.Build.0 = Release|Win32
		{59674BF9-86CB-4F02-A3E7-9AA911E21E72}.Debug|x64.ActiveCfg = Debug|x64
		{59674BF9-86CB-4F02-A3E7-9AA911E21E72}.Debug|x64.Build.0 = Debug|x64
		{59674BF9-86CB-4F02-A3E7-9AA911E21E72}.Debug|x86.ActiveCfg = Debug|Win32
		{59674BF9-86CB-4F02-A3E7-9AA911E21E72}.Debug|x86.Build.0 = Debug|Win32
		{59674BF9-86CB-4F02-A3E7-9AA911E21E72}.Release|x64.ActiveCfg = Release|x64
		{59674BF9-86CB-4F02-A3E7-9AA911E21E72}.Release|x64.Build.0 = Release|x64
		{59674BF9-86CB-4F02-A3E7-9AA911E21E72}.Release|x86.ActiveCfg = Release|Win32
		{59674BF9-86CB-4F02-A3E7-9AA911E21E72}.Release|x86.Build.0 = Release|Win32
		{D51A703E-F79F-490B-A8C9-AB56FD00BB3E}.Debug|x64.ActiveCfg = Debug|x64
		{D51A703E-F79F-490B-A8C9-AB56FD00BB3E}.Debug|x64.Build.0 = Debug|x64
		{D51A703E-F79F-490B-A8C9-AB56FD00BB3E}.Debug|x86.ActiveCfg = Debug|Win32
		{D51A703E-F79F-490B-A8C9-AB56FD00BB3E}.Debug|x86.Build.0 = Debug|Win32
		{D51A703E-F79F-490B-A8C9-AB56FD00BB3E}.Release|x64.ActiveCfg = Release|x64
		{D51A703E-F79F-490B-A8C9-AB56FD00BB3E}.Release|x64.Build.0 = Release|x64
		{D51A703E-F79F-490B-A8C9-AB56FD00BB3E}.Release|x86.ActiveCfg = Release|Win32
		{D51A703E-F79F-490B-A8C9-AB56FD00BB3E}.Release|x86.Build.0 = Release|Win32
		{25B84959-C176-415E-891D-15076D6E15E5}.Debug|x64.ActiveCfg = Debug|x64
		{25B84959-C176-415E-891D-15076D6E15E5}.Debug|x64.Build.0 = Debug|x64
		{25B84959-C176-415E-891D-15076D6E15E5}.Debug|x86.ActiveCfg = Debug|Win32
		{25B84959-C176-415E-891D-15076D6E15E5}.Debug|x86.Build.0 = Debug|Win32
		{25B84959-C176-415E-891D-15076D6E15E5}.Release|x64.ActiveCfg = Release|x64
		{25B84959-C176-415E-891D-15076D6E15E5}.Release|x64.Build.0 = Release|x64
		{25B84959-C176-415E-891D-15076D6E15E5}.Release|x86.ActiveCfg = Release|Win32
		{25B84959-C176-415E-891D-15076D6E15E5}.Release|x86.Build.0 = Release|Win32
		{24321A5B-048E-463A-815C-7F55EF0EA138}.Debug|x64.ActiveCfg = Debug|x64
		{24321A5B-048E-463A-815C-7F55EF0EA138}.Debug|x64.Build.0 = Debug|x64
		{24321A5B-048E-463A-815C-7F55EF0EA138}.Debug|x86.ActiveCfg = Debug|Win32
		{24321A5B-048E-463A-815C-7F55EF0EA138}.Debug|x86.Build.0 = Debug|Win32
		{24321A5B-048E-463A-815C-7F55EF0EA138}.Release|x64.ActiveCfg = Release|x64
		{24321A5B-048E-463A-815C-7F55EF0EA138}.Release|x64.Build.0 = Release|x64
		{24321A5B-048E-463A-815C-7F55EF0EA138}.Release|x86.ActiveCfg = Release|Win32
		{24321A5B-048E-463A-815C-7F55EF0EA138}.Release|x86.Build.0 = Release|Win32
		{312604D9-95CC-4415-9861-0784FF719AC3}.Debug|x64.ActiveCfg = Debug|x64
		{312604D9-95CC-4415-9861-0784FF719AC3}.Debug|x64.Build.0 = Debug|x64
		{312604D9-95CC-4415-9861-0784FF719AC3}.Debug|x86.ActiveCfg = Debug|Win32
		{312604D9-95CC-4415-9861-0784FF719AC3}.Debug|x86.Build.0 = Debug|Win32
		{312604D9-95CC-4415-9861-0784FF719AC3}.Release|x64.ActiveCfg = Release|x64
		{312604D9-95CC-4415-9861-0784FF719AC3}.Release|x64.Build.0 = Release|x64
		{312604D9-95CC-4415-9861-0784FF719AC3}.Release|x86.ActiveCfg = Release|Win32
		{312604D9-95CC-4415-9861-0784FF719AC3}.Release|x86.Build.0 = Release|Win32
		{2F8DD4CF-DB5F-4DCC-8E6E-55187F8D696D}.Debug|x64.ActiveCfg = Debug|x64
		{2F8DD4CF-DB5F-4DCC-8E6E-55187F8D696D}.Debug|x64.Build.0 = Debug|x64
		{2F8DD4CF-DB5F-4DCC-8E6E-55187F8D696D}.Debug|x86.ActiveCfg = Debug|Win32
		{2F8DD4CF-DB5F-4DCC-8E6E-55187F8D696D}.Debug|x86.Build.0 = Debug|Win32
		{2F8DD4CF-DB5F-4DCC-8E6E-55187F8D696D}.Release|x64.ActiveCfg = Release|x64
		{2F8DD4CF-DB5F-4DCC-8E6E-55187F8D696D}.Release|x64.Build.0 = Release|x64
		{2F8DD4CF-DB5F-4DCC-8E6E-55187F8D696D}.Release|x86.ActiveCfg = Release|Win32
		{2F8DD4CF-DB5F-4DCC-8E6E-55187F8D696D}.Release|x86.Build.0 = Release|Win32
		{7AB6A7BD-52FB-4364-93BA-639BC7A269FB}.Debug|x64.ActiveCfg = Debug|x64
		{7AB6A7BD-52FB-4364-93BA-639BC7A269FB}.Debug|x64.Build.0 = Debug|x64
		{7AB6A7BD-52FB-4364-93BA-639BC7A269FB}.Debug|x86.ActiveCfg = Debug|Win32
		{7AB6A7BD-52FB-4364-93BA-639BC7A269FB}.Debug|x86.Build.0 = Debug|Win32
		{7AB6A7BD-52FB-4364-93BA-639BC7A269FB}.Release|x64.ActiveCfg = Release|x64
		{7AB6A7BD-52FB-4364-93BA-639BC7A269FB}.Release|x64.Build.0 = Release|x64
		{7AB6A7BD-52FB-4364-93BA-639BC7A269FB}.Release|x86.ActiveCfg = Release|Win32
		{7AB6A7BD-52FB-4364-93BA-639BC7A269FB}.Release|x86.Build.0 = Release|Win32
		{2EE4364A-5252-4125-B1D2-E9DAE711B4CC}.Debug|x64.ActiveCfg = Debug|x64
		{2EE4364A-5252-4125-B1D2-E9DAE711B4CC}.Debug|x64.Build.0 = Debug|x64
		{2EE4364A-5252-4125-B1D2-E9DAE711B4CC}.Debug|x86.ActiveCfg = Debug|Win32
		{2EE4364A-5252-4125-B1D2-E9DAE711B4CC}.Debug|x86.Build.0 = Debug|Win32
		{2EE4364A-5252-4125-B1D2-E9DAE711B4CC}.Release|x64.ActiveCfg = Release|x64
		{2EE4364A-5252-4125-B1D2-E9DAE711B4CC}.Release|x64.Build.0 = Release|x64
		{2EE4364A-5252-4125-B1D2-E9DAE711B4CC}.Release|x86.ActiveCfg = Release|Win32
		{2EE4364A-5252-4125-B1D2-E9DAE711B4CC}.Release|x86.Build.0 = Release|Win32
		{51D69682-1E33-42A4-BF43-C57A111EA240}.Debug|x64.ActiveCfg = Debug|x64
		{51D69682-1E33-42A4-BF43-C57A111EA240}.Debug|x64.Build.0 = Debug|x64
		{51D69682-1E33-42A4-BF43-C57A111EA240}.Debug|x86.ActiveCfg = Debug|Win32
		{51D69682-1E33-42A4-BF43-C57A111EA240}.Debug|x86.Build.0 = Debug|Win32
		{51D69682-1E33-42A4-BF43-C57A111EA240}.Release|x64.ActiveCfg = Release|x64
		{51D69682-1E33-42A4-BF43-C57A111EA240}.Release|x64.Build.0 = Release|x64
		{51D69682-1E33-42A4-BF43-C57A111EA240}.Release|x86.ActiveCfg = Release|Win32
		{51D69682-1E33-42A4-BF43-C57A111EA240}.Release|x86.Build.0 = Release|Win32
		{D78C4015-ED3E-4C32-9EAA-D6D66AAD5431}.Debug|x64.ActiveCfg = Debug|x64
		{D78C4015-ED3E-4C32-9EAA-D6D66AAD5431}.Debug|x64.Build.0 = Debug|x64
		{D78C4015-ED3E-4C32-9EAA-D6D66AAD5431}.Debug|x86.ActiveCfg = Debug|Win32
		{D78C4015-ED3E-4C32-9EAA-D6D66AAD5431}.Debug|x86.Build.0 = Debug|Win32
		{D78C4015-ED3E-4C32-9EAA-D6D66AAD5431}.Release|x64.ActiveCfg = Release|x64
		{D78C4015-ED3E-4C32-9EAA-D6D66AAD5431}.Release|x64.Build.0 = Release|x64
		{D78C4015-ED3E-4C32-9EAA-D6D66AAD5431}.Release|x86.ActiveCfg = Release|Win32
		{D78C4015-ED3E-4C32-9EAA-D6D66AAD5431}.Release|x86.Build.0 = Release|Win32
		{4BCE6ABE-57D1-4C0B-9320-7F0113740800}.Debug|x64.ActiveCfg = Debug|x64
		{4BCE6ABE-57D1-4C0B-9320-7F0113740800}.Debug|x64.Build.0 = Debug|x64
		{4BCE6ABE-57D1-4C0B-9320-7F0113740800}.Debug|x86.ActiveCfg = Debug|Win32
		{4BCE6ABE-57D1-4C0B-9320-7F0113740800}.Debug|x86.Build.0 = Debug|Win32
		{4BCE6ABE-57D1-4C0B-9320-7F0113740800}.Release|x64.ActiveCfg = Release|x64
		{4BCE6ABE-57D1-4C0B-9320-7F0113740800}.Release|x64.Build.0 = Release|x64
		{4BCE6ABE-57D1-4C0B-9320-7F0113740800}.Release|x86.ActiveCfg = Release|Win32
		{4BCE6ABE-57D1-4C0B-9320-7F0113740800}.Release|x86.Build.0 = Release|Win32
		{4907AA7D-DD1C-4429-8502-396B7C982D75}.Debug|x64.ActiveCfg = Debug|x64
		{4907AA7D-DD1C-4429-8502-396B7C982D75}.Debug|x64.Build.0 = Debug|x64
		{4907AA7D-DD1C-4429-8502-396B7C982D75}.Debug|x86.ActiveCfg = Debug|Win32
		{4907AA7D-DD1C-4429-8502-396B7C982D75}.Debug|x86.Build.0 = Debug|Win32
		{4907AA7D-DD1C-4429-8502-396B7C982D75}.Release|x64.ActiveCfg = Release|x64
		{4907AA7D-DD1C-4429-8502-396B7C982D75}.Release|x64.Build.0 = Release|x64
		{4907AA7D-DD1C-4429-8502-396B7C982D75}.Release|x86.ActiveCfg = Release|Win32
		{4907AA7D-DD1C-4429-8502-396B7C982D75}.Release|x86.Build.0 = Release|Win32
		{85C56502-8725-4FD8-BD46-A08A937FBEC2}.Debug|x64.ActiveCfg = Debug|x64
		{85C56502-8725-4FD8-BD46-A08A937FBEC2}.Debug|x64.Build.0 = Debug|x64
		{85C56502-8725-4FD8-BD46-A08A937FBEC2}.Debug|x86.ActiveCfg = Debug|Win32
		{85C56502-8725-4FD8-BD46-A08A937FBEC2}.Debug|x86.Build.0 = Debug|Win32
		{85C56502-8725-4FD8-BD46-A08A937FBEC2}.Release|x64.ActiveCfg = Release|x64
		{85C56502-8725-4FD8-BD46-A08A937FBEC2}.Release|x64.Build.0 = Release|x64
		{85C56502-8725-4FD8-BD46-A08A937FBEC2}.Release|x86.ActiveCfg = Release|Win32
		{85C56502-8725-4FD8-BD46-A08A937FBEC2}.Release|x86.Build.0 = Release|Win32
	EndGlobalSection
	GlobalSection(SolutionProperties) = preSolution
		HideSolutionNode = FALSE
	EndGlobalSection
	GlobalSection(ExtensibilityGlobals) = postSolution
		SolutionGuid = {ECAB237C-A4F8-49CC-AF9C-1FA8607B7418}
	EndGlobalSection
EndGlobal
